// !$*UTF8*$!
{
	archiveVersion = 1;
	classes = {
	};
	objectVersion = 50;
	objects = {

/* Begin PBXBuildFile section */
		80F7D960208CC2310049EBB1 /* AppDelegate.swift in Sources */ = {isa = PBXBuildFile; fileRef = 80F7D95F208CC2310049EBB1 /* AppDelegate.swift */; };
		80F7D962208CC2320049EBB1 /* ViewController.swift in Sources */ = {isa = PBXBuildFile; fileRef = 80F7D961208CC2320049EBB1 /* ViewController.swift */; };
		80F7D965208CC2320049EBB1 /* Main.storyboard in Resources */ = {isa = PBXBuildFile; fileRef = 80F7D963208CC2320049EBB1 /* Main.storyboard */; };
		80F7D967208CC23D0049EBB1 /* Assets.xcassets in Resources */ = {isa = PBXBuildFile; fileRef = 80F7D966208CC23D0049EBB1 /* Assets.xcassets */; };
		80F7D96A208CC23D0049EBB1 /* LaunchScreen.storyboard in Resources */ = {isa = PBXBuildFile; fileRef = 80F7D968208CC23D0049EBB1 /* LaunchScreen.storyboard */; };
		80F7D975208CC23E0049EBB1 /* afsafasfTests.swift in Sources */ = {isa = PBXBuildFile; fileRef = 80F7D974208CC23E0049EBB1 /* afsafasfTests.swift */; };
		80F7D980208CC23E0049EBB1 /* afsafasfUITests.swift in Sources */ = {isa = PBXBuildFile; fileRef = 80F7D97F208CC23E0049EBB1 /* afsafasfUITests.swift */; };
/* End PBXBuildFile section */

/* Begin PBXContainerItemProxy section */
		80F7D971208CC23E0049EBB1 /* PBXContainerItemProxy */ = {
			isa = PBXContainerItemProxy;
			containerPortal = 80F7D954208CC2310049EBB1 /* Project object */;
			proxyType = 1;
			remoteGlobalIDString = 80F7D95B208CC2310049EBB1;
			remoteInfo = afsafasf;
		};
		80F7D97C208CC23E0049EBB1 /* PBXContainerItemProxy */ = {
			isa = PBXContainerItemProxy;
			containerPortal = 80F7D954208CC2310049EBB1 /* Project object */;
			proxyType = 1;
			remoteGlobalIDString = 80F7D95B208CC2310049EBB1;
			remoteInfo = afsafasf;
		};
/* End PBXContainerItemProxy section */

/* Begin PBXFileReference section */
		80F7D95C208CC2310049EBB1 /* afsafasf.app */ = {isa = PBXFileReference; explicitFileType = wrapper.application; includeInIndex = 0; path = afsafasf.app; sourceTree = BUILT_PRODUCTS_DIR; };
		80F7D95F208CC2310049EBB1 /* AppDelegate.swift */ = {isa = PBXFileReference; lastKnownFileType = sourcecode.swift; path = AppDelegate.swift; sourceTree = "<group>"; };
		80F7D961208CC2320049EBB1 /* ViewController.swift */ = {isa = PBXFileReference; lastKnownFileType = sourcecode.swift; path = ViewController.swift; sourceTree = "<group>"; };
		80F7D964208CC2320049EBB1 /* Base */ = {isa = PBXFileReference; lastKnownFileType = file.storyboard; name = Base; path = Base.lproj/Main.storyboard; sourceTree = "<group>"; };
		80F7D966208CC23D0049EBB1 /* Assets.xcassets */ = {isa = PBXFileReference; lastKnownFileType = folder.assetcatalog; path = Assets.xcassets; sourceTree = "<group>"; };
		80F7D969208CC23D0049EBB1 /* Base */ = {isa = PBXFileReference; lastKnownFileType = file.storyboard; name = Base; path = Base.lproj/LaunchScreen.storyboard; sourceTree = "<group>"; };
		80F7D96B208CC23D0049EBB1 /* Info.plist */ = {isa = PBXFileReference; lastKnownFileType = text.plist.xml; path = Info.plist; sourceTree = "<group>"; };
		80F7D970208CC23E0049EBB1 /* afsafasfTests.xctest */ = {isa = PBXFileReference; explicitFileType = wrapper.cfbundle; includeInIndex = 0; path = afsafasfTests.xctest; sourceTree = BUILT_PRODUCTS_DIR; };
		80F7D974208CC23E0049EBB1 /* afsafasfTests.swift */ = {isa = PBXFileReference; lastKnownFileType = sourcecode.swift; path = afsafasfTests.swift; sourceTree = "<group>"; };
		80F7D976208CC23E0049EBB1 /* Info.plist */ = {isa = PBXFileReference; lastKnownFileType = text.plist.xml; path = Info.plist; sourceTree = "<group>"; };
		80F7D97B208CC23E0049EBB1 /* afsafasfUITests.xctest */ = {isa = PBXFileReference; explicitFileType = wrapper.cfbundle; includeInIndex = 0; path = afsafasfUITests.xctest; sourceTree = BUILT_PRODUCTS_DIR; };
		80F7D97F208CC23E0049EBB1 /* afsafasfUITests.swift */ = {isa = PBXFileReference; lastKnownFileType = sourcecode.swift; path = afsafasfUITests.swift; sourceTree = "<group>"; };
		80F7D981208CC23E0049EBB1 /* Info.plist */ = {isa = PBXFileReference; lastKnownFileType = text.plist.xml; path = Info.plist; sourceTree = "<group>"; };
/* End PBXFileReference section */

/* Begin PBXFrameworksBuildPhase section */
		80F7D959208CC2310049EBB1 /* Frameworks */ = {
			isa = PBXFrameworksBuildPhase;
			buildActionMask = 2147483647;
			files = (
			);
			runOnlyForDeploymentPostprocessing = 0;
		};
		80F7D96D208CC23E0049EBB1 /* Frameworks */ = {
			isa = PBXFrameworksBuildPhase;
			buildActionMask = 2147483647;
			files = (
			);
			runOnlyForDeploymentPostprocessing = 0;
		};
		80F7D978208CC23E0049EBB1 /* Frameworks */ = {
			isa = PBXFrameworksBuildPhase;
			buildActionMask = 2147483647;
			files = (
			);
			runOnlyForDeploymentPostprocessing = 0;
		};
/* End PBXFrameworksBuildPhase section */

/* Begin PBXGroup section */
		80F7D953208CC2310049EBB1 = {
			isa = PBXGroup;
			children = (
				80F7D95E208CC2310049EBB1 /* afsafasf */,
				80F7D973208CC23E0049EBB1 /* afsafasfTests */,
				80F7D97E208CC23E0049EBB1 /* afsafasfUITests */,
				80F7D95D208CC2310049EBB1 /* Products */,
			);
			sourceTree = "<group>";
		};
		80F7D95D208CC2310049EBB1 /* Products */ = {
			isa = PBXGroup;
			children = (
				80F7D95C208CC2310049EBB1 /* afsafasf.app */,
				80F7D970208CC23E0049EBB1 /* afsafasfTests.xctest */,
				80F7D97B208CC23E0049EBB1 /* afsafasfUITests.xctest */,
			);
			name = Products;
			sourceTree = "<group>";
		};
		80F7D95E208CC2310049EBB1 /* afsafasf */ = {
			isa = PBXGroup;
			children = (
				80F7D95F208CC2310049EBB1 /* AppDelegate.swift */,
				80F7D961208CC2320049EBB1 /* ViewController.swift */,
				80F7D963208CC2320049EBB1 /* Main.storyboard */,
				80F7D966208CC23D0049EBB1 /* Assets.xcassets */,
				80F7D968208CC23D0049EBB1 /* LaunchScreen.storyboard */,
				80F7D96B208CC23D0049EBB1 /* Info.plist */,
			);
			path = afsafasf;
			sourceTree = "<group>";
		};
		80F7D973208CC23E0049EBB1 /* afsafasfTests */ = {
			isa = PBXGroup;
			children = (
				80F7D974208CC23E0049EBB1 /* afsafasfTests.swift */,
				80F7D976208CC23E0049EBB1 /* Info.plist */,
			);
			path = afsafasfTests;
			sourceTree = "<group>";
		};
		80F7D97E208CC23E0049EBB1 /* afsafasfUITests */ = {
			isa = PBXGroup;
			children = (
				80F7D97F208CC23E0049EBB1 /* afsafasfUITests.swift */,
				80F7D981208CC23E0049EBB1 /* Info.plist */,
			);
			path = afsafasfUITests;
			sourceTree = "<group>";
		};
/* End PBXGroup section */

/* Begin PBXNativeTarget section */
		80F7D95B208CC2310049EBB1 /* afsafasf */ = {
			isa = PBXNativeTarget;
			buildConfigurationList = 80F7D984208CC23E0049EBB1 /* Build configuration list for PBXNativeTarget "afsafasf" */;
			buildPhases = (
				80F7D958208CC2310049EBB1 /* Sources */,
				80F7D959208CC2310049EBB1 /* Frameworks */,
				80F7D95A208CC2310049EBB1 /* Resources */,
			);
			buildRules = (
			);
			dependencies = (
			);
			name = afsafasf;
			productName = afsafasf;
			productReference = 80F7D95C208CC2310049EBB1 /* afsafasf.app */;
			productType = "com.apple.product-type.application";
		};
		80F7D96F208CC23E0049EBB1 /* afsafasfTests */ = {
			isa = PBXNativeTarget;
			buildConfigurationList = 80F7D987208CC23E0049EBB1 /* Build configuration list for PBXNativeTarget "afsafasfTests" */;
			buildPhases = (
				80F7D96C208CC23E0049EBB1 /* Sources */,
				80F7D96D208CC23E0049EBB1 /* Frameworks */,
				80F7D96E208CC23E0049EBB1 /* Resources */,
			);
			buildRules = (
			);
			dependencies = (
				80F7D972208CC23E0049EBB1 /* PBXTargetDependency */,
			);
			name = afsafasfTests;
			productName = afsafasfTests;
			productReference = 80F7D970208CC23E0049EBB1 /* afsafasfTests.xctest */;
			productType = "com.apple.product-type.bundle.unit-test";
		};
		80F7D97A208CC23E0049EBB1 /* afsafasfUITests */ = {
			isa = PBXNativeTarget;
			buildConfigurationList = 80F7D98A208CC23E0049EBB1 /* Build configuration list for PBXNativeTarget "afsafasfUITests" */;
			buildPhases = (
				80F7D977208CC23E0049EBB1 /* Sources */,
				80F7D978208CC23E0049EBB1 /* Frameworks */,
				80F7D979208CC23E0049EBB1 /* Resources */,
			);
			buildRules = (
			);
			dependencies = (
				80F7D97D208CC23E0049EBB1 /* PBXTargetDependency */,
			);
			name = afsafasfUITests;
			productName = afsafasfUITests;
			productReference = 80F7D97B208CC23E0049EBB1 /* afsafasfUITests.xctest */;
			productType = "com.apple.product-type.bundle.ui-testing";
		};
/* End PBXNativeTarget section */

/* Begin PBXProject section */
		80F7D954208CC2310049EBB1 /* Project object */ = {
			isa = PBXProject;
			attributes = {
				LastSwiftUpdateCheck = 0930;
				LastUpgradeCheck = 0930;
				ORGANIZATIONNAME = SwitchCase;
				TargetAttributes = {
					80F7D95B208CC2310049EBB1 = {
						CreatedOnToolsVersion = 9.3;
					};
					80F7D96F208CC23E0049EBB1 = {
						CreatedOnToolsVersion = 9.3;
						TestTargetID = 80F7D95B208CC2310049EBB1;
					};
					80F7D97A208CC23E0049EBB1 = {
						CreatedOnToolsVersion = 9.3;
						TestTargetID = 80F7D95B208CC2310049EBB1;
					};
				};
			};
			buildConfigurationList = 80F7D957208CC2310049EBB1 /* Build configuration list for PBXProject "afsafasf" */;
			compatibilityVersion = "Xcode 9.3";
			developmentRegion = en;
			hasScannedForEncodings = 0;
			knownRegions = (
				en,
				Base,
			);
			mainGroup = 80F7D953208CC2310049EBB1;
			productRefGroup = 80F7D95D208CC2310049EBB1 /* Products */;
			projectDirPath = "";
			projectRoot = "";
			targets = (
				80F7D95B208CC2310049EBB1 /* afsafasf */,
				80F7D96F208CC23E0049EBB1 /* afsafasfTests */,
				80F7D97A208CC23E0049EBB1 /* afsafasfUITests */,
			);
		};
/* End PBXProject section */

/* Begin PBXResourcesBuildPhase section */
		80F7D95A208CC2310049EBB1 /* Resources */ = {
			isa = PBXResourcesBuildPhase;
			buildActionMask = 2147483647;
			files = (
				80F7D96A208CC23D0049EBB1 /* LaunchScreen.storyboard in Resources */,
				80F7D967208CC23D0049EBB1 /* Assets.xcassets in Resources */,
				80F7D965208CC2320049EBB1 /* Main.storyboard in Resources */,
			);
			runOnlyForDeploymentPostprocessing = 0;
		};
		80F7D96E208CC23E0049EBB1 /* Resources */ = {
			isa = PBXResourcesBuildPhase;
			buildActionMask = 2147483647;
			files = (
			);
			runOnlyForDeploymentPostprocessing = 0;
		};
		80F7D979208CC23E0049EBB1 /* Resources */ = {
			isa = PBXResourcesBuildPhase;
			buildActionMask = 2147483647;
			files = (
			);
			runOnlyForDeploymentPostprocessing = 0;
		};
/* End PBXResourcesBuildPhase section */

/* Begin PBXSourcesBuildPhase section */
		80F7D958208CC2310049EBB1 /* Sources */ = {
			isa = PBXSourcesBuildPhase;
			buildActionMask = 2147483647;
			files = (
				80F7D962208CC2320049EBB1 /* ViewController.swift in Sources */,
				80F7D960208CC2310049EBB1 /* AppDelegate.swift in Sources */,
			);
			runOnlyForDeploymentPostprocessing = 0;
		};
		80F7D96C208CC23E0049EBB1 /* Sources */ = {
			isa = PBXSourcesBuildPhase;
			buildActionMask = 2147483647;
			files = (
				80F7D975208CC23E0049EBB1 /* afsafasfTests.swift in Sources */,
			);
			runOnlyForDeploymentPostprocessing = 0;
		};
		80F7D977208CC23E0049EBB1 /* Sources */ = {
			isa = PBXSourcesBuildPhase;
			buildActionMask = 2147483647;
			files = (
				80F7D980208CC23E0049EBB1 /* afsafasfUITests.swift in Sources */,
			);
			runOnlyForDeploymentPostprocessing = 0;
		};
/* End PBXSourcesBuildPhase section */

/* Begin PBXTargetDependency section */
		80F7D972208CC23E0049EBB1 /* PBXTargetDependency */ = {
			isa = PBXTargetDependency;
			target = 80F7D95B208CC2310049EBB1 /* afsafasf */;
			targetProxy = 80F7D971208CC23E0049EBB1 /* PBXContainerItemProxy */;
		};
		80F7D97D208CC23E0049EBB1 /* PBXTargetDependency */ = {
			isa = PBXTargetDependency;
			target = 80F7D95B208CC2310049EBB1 /* afsafasf */;
			targetProxy = 80F7D97C208CC23E0049EBB1 /* PBXContainerItemProxy */;
		};
/* End PBXTargetDependency section */

/* Begin PBXVariantGroup section */
		80F7D963208CC2320049EBB1 /* Main.storyboard */ = {
			isa = PBXVariantGroup;
			children = (
				80F7D964208CC2320049EBB1 /* Base */,
			);
			name = Main.storyboard;
			sourceTree = "<group>";
		};
		80F7D968208CC23D0049EBB1 /* LaunchScreen.storyboard */ = {
			isa = PBXVariantGroup;
			children = (
				80F7D969208CC23D0049EBB1 /* Base */,
			);
			name = LaunchScreen.storyboard;
			sourceTree = "<group>";
		};
/* End PBXVariantGroup section */

/* Begin XCBuildConfiguration section */
		80F7D982208CC23E0049EBB1 /* Debug */ = {
			isa = XCBuildConfiguration;
			buildSettings = {
				ALWAYS_SEARCH_USER_PATHS = NO;
				CLANG_ANALYZER_NONNULL = YES;
				CLANG_ANALYZER_NUMBER_OBJECT_CONVERSION = YES_AGGRESSIVE;
				CLANG_CXX_LANGUAGE_STANDARD = "gnu++14";
				CLANG_CXX_LIBRARY = "libc++";
				CLANG_ENABLE_MODULES = YES;
				CLANG_ENABLE_OBJC_ARC = YES;
				CLANG_ENABLE_OBJC_WEAK = YES;
				CLANG_WARN_BLOCK_CAPTURE_AUTORELEASING = YES;
				CLANG_WARN_BOOL_CONVERSION = YES;
				CLANG_WARN_COMMA = YES;
				CLANG_WARN_CONSTANT_CONVERSION = YES;
				CLANG_WARN_DEPRECATED_OBJC_IMPLEMENTATIONS = YES;
				CLANG_WARN_DIRECT_OBJC_ISA_USAGE = YES_ERROR;
				CLANG_WARN_DOCUMENTATION_COMMENTS = YES;
				CLANG_WARN_EMPTY_BODY = YES;
				CLANG_WARN_ENUM_CONVERSION = YES;
				CLANG_WARN_INFINITE_RECURSION = YES;
				CLANG_WARN_INT_CONVERSION = YES;
				CLANG_WARN_NON_LITERAL_NULL_CONVERSION = YES;
				CLANG_WARN_OBJC_IMPLICIT_RETAIN_SELF = YES;
				CLANG_WARN_OBJC_LITERAL_CONVERSION = YES;
				CLANG_WARN_OBJC_ROOT_CLASS = YES_ERROR;
				CLANG_WARN_RANGE_LOOP_ANALYSIS = YES;
				CLANG_WARN_STRICT_PROTOTYPES = YES;
				CLANG_WARN_SUSPICIOUS_MOVE = YES;
				CLANG_WARN_UNGUARDED_AVAILABILITY = YES_AGGRESSIVE;
				CLANG_WARN_UNREACHABLE_CODE = YES;
				CLANG_WARN__DUPLICATE_METHOD_MATCH = YES;
				CODE_SIGN_IDENTITY = "iPhone Developer";
				COPY_PHASE_STRIP = NO;
				DEBUG_INFORMATION_FORMAT = dwarf;
				ENABLE_STRICT_OBJC_MSGSEND = YES;
				ENABLE_TESTABILITY = YES;
				GCC_C_LANGUAGE_STANDARD = gnu11;
				GCC_DYNAMIC_NO_PIC = NO;
				GCC_NO_COMMON_BLOCKS = YES;
				GCC_OPTIMIZATION_LEVEL = 0;
				GCC_PREPROCESSOR_DEFINITIONS = (
					"DEBUG=1",
					"$(inherited)",
				);
				GCC_WARN_64_TO_32_BIT_CONVERSION = YES;
				GCC_WARN_ABOUT_RETURN_TYPE = YES_ERROR;
				GCC_WARN_UNDECLARED_SELECTOR = YES;
				GCC_WARN_UNINITIALIZED_AUTOS = YES_AGGRESSIVE;
				GCC_WARN_UNUSED_FUNCTION = YES;
				GCC_WARN_UNUSED_VARIABLE = YES;
				IPHONEOS_DEPLOYMENT_TARGET = 11.3;
				MTL_ENABLE_DEBUG_INFO = YES;
				ONLY_ACTIVE_ARCH = YES;
				SDKROOT = iphoneos;
				SWIFT_ACTIVE_COMPILATION_CONDITIONS = DEBUG;
				SWIFT_OPTIMIZATION_LEVEL = "-Onone";
			};
			name = Debug;
		};
		80F7D983208CC23E0049EBB1 /* Release */ = {
			isa = XCBuildConfiguration;
			buildSettings = {
				ALWAYS_SEARCH_USER_PATHS = NO;
				CLANG_ANALYZER_NONNULL = YES;
				CLANG_ANALYZER_NUMBER_OBJECT_CONVERSION = YES_AGGRESSIVE;
				CLANG_CXX_LANGUAGE_STANDARD = "gnu++14";
				CLANG_CXX_LIBRARY = "libc++";
				CLANG_ENABLE_MODULES = YES;
				CLANG_ENABLE_OBJC_ARC = YES;
				CLANG_ENABLE_OBJC_WEAK = YES;
				CLANG_WARN_BLOCK_CAPTURE_AUTORELEASING = YES;
				CLANG_WARN_BOOL_CONVERSION = YES;
				CLANG_WARN_COMMA = YES;
				CLANG_WARN_CONSTANT_CONVERSION = YES;
				CLANG_WARN_DEPRECATED_OBJC_IMPLEMENTATIONS = YES;
				CLANG_WARN_DIRECT_OBJC_ISA_USAGE = YES_ERROR;
				CLANG_WARN_DOCUMENTATION_COMMENTS = YES;
				CLANG_WARN_EMPTY_BODY = YES;
				CLANG_WARN_ENUM_CONVERSION = YES;
				CLANG_WARN_INFINITE_RECURSION = YES;
				CLANG_WARN_INT_CONVERSION = YES;
				CLANG_WARN_NON_LITERAL_NULL_CONVERSION = YES;
				CLANG_WARN_OBJC_IMPLICIT_RETAIN_SELF = YES;
				CLANG_WARN_OBJC_LITERAL_CONVERSION = YES;
				CLANG_WARN_OBJC_ROOT_CLASS = YES_ERROR;
				CLANG_WARN_RANGE_LOOP_ANALYSIS = YES;
				CLANG_WARN_STRICT_PROTOTYPES = YES;
				CLANG_WARN_SUSPICIOUS_MOVE = YES;
				CLANG_WARN_UNGUARDED_AVAILABILITY = YES_AGGRESSIVE;
				CLANG_WARN_UNREACHABLE_CODE = YES;
				CLANG_WARN__DUPLICATE_METHOD_MATCH = YES;
				CODE_SIGN_IDENTITY = "iPhone Developer";
				COPY_PHASE_STRIP = NO;
				DEBUG_INFORMATION_FORMAT = "dwarf-with-dsym";
				ENABLE_NS_ASSERTIONS = NO;
				ENABLE_STRICT_OBJC_MSGSEND = YES;
				GCC_C_LANGUAGE_STANDARD = gnu11;
				GCC_NO_COMMON_BLOCKS = YES;
				GCC_WARN_64_TO_32_BIT_CONVERSION = YES;
				GCC_WARN_ABOUT_RETURN_TYPE = YES_ERROR;
				GCC_WARN_UNDECLARED_SELECTOR = YES;
				GCC_WARN_UNINITIALIZED_AUTOS = YES_AGGRESSIVE;
				GCC_WARN_UNUSED_FUNCTION = YES;
				GCC_WARN_UNUSED_VARIABLE = YES;
				IPHONEOS_DEPLOYMENT_TARGET = 11.3;
				MTL_ENABLE_DEBUG_INFO = NO;
				SDKROOT = iphoneos;
				SWIFT_COMPILATION_MODE = wholemodule;
				SWIFT_OPTIMIZATION_LEVEL = "-O";
				VALIDATE_PRODUCT = YES;
			};
			name = Release;
		};
		80F7D985208CC23E0049EBB1 /* Debug */ = {
			isa = XCBuildConfiguration;
			buildSettings = {
				ASSETCATALOG_COMPILER_APPICON_NAME = AppIcon;
				CODE_SIGN_STYLE = Automatic;
				DEVELOPMENT_TEAM = QC2B93AG7F;
				INFOPLIST_FILE = afsafasf/Info.plist;
				LD_RUNPATH_SEARCH_PATHS = (
					"$(inherited)",
					"@executable_path/Frameworks",
				);
				PRODUCT_BUNDLE_IDENTIFIER = switchcase.afsafasf;
				PRODUCT_NAME = "$(TARGET_NAME)";
				SWIFT_VERSION = 4.0;
				TARGETED_DEVICE_FAMILY = "1,2";
			};
			name = Debug;
		};
		80F7D986208CC23E0049EBB1 /* Release */ = {
			isa = XCBuildConfiguration;
			buildSettings = {
				ASSETCATALOG_COMPILER_APPICON_NAME = AppIcon;
				CODE_SIGN_STYLE = Automatic;
				DEVELOPMENT_TEAM = QC2B93AG7F;
				INFOPLIST_FILE = afsafasf/Info.plist;
				LD_RUNPATH_SEARCH_PATHS = (
					"$(inherited)",
					"@executable_path/Frameworks",
				);
				PRODUCT_BUNDLE_IDENTIFIER = switchcase.afsafasf;
				PRODUCT_NAME = "$(TARGET_NAME)";
				SWIFT_VERSION = 4.0;
				TARGETED_DEVICE_FAMILY = "1,2";
			};
			name = Release;
		};
		80F7D988208CC23E0049EBB1 /* Debug */ = {
			isa = XCBuildConfiguration;
			buildSettings = {
				ALWAYS_EMBED_SWIFT_STANDARD_LIBRARIES = YES;
				BUNDLE_LOADER = "$(TEST_HOST)";
				CODE_SIGN_STYLE = Automatic;
				DEVELOPMENT_TEAM = QC2B93AG7F;
				INFOPLIST_FILE = afsafasfTests/Info.plist;
				LD_RUNPATH_SEARCH_PATHS = (
					"$(inherited)",
					"@executable_path/Frameworks",
					"@loader_path/Frameworks",
				);
				PRODUCT_BUNDLE_IDENTIFIER = switchcase.afsafasfTests;
				PRODUCT_NAME = "$(TARGET_NAME)";
				SWIFT_VERSION = 4.0;
				TARGETED_DEVICE_FAMILY = "1,2";
				TEST_HOST = "$(BUILT_PRODUCTS_DIR)/afsafasf.app/afsafasf";
			};
			name = Debug;
		};
		80F7D989208CC23E0049EBB1 /* Release */ = {
			isa = XCBuildConfiguration;
			buildSettings = {
				ALWAYS_EMBED_SWIFT_STANDARD_LIBRARIES = YES;
				BUNDLE_LOADER = "$(TEST_HOST)";
				CODE_SIGN_STYLE = Automatic;
				DEVELOPMENT_TEAM = QC2B93AG7F;
				INFOPLIST_FILE = afsafasfTests/Info.plist;
				LD_RUNPATH_SEARCH_PATHS = (
					"$(inherited)",
					"@executable_path/Frameworks",
					"@loader_path/Frameworks",
				);
				PRODUCT_BUNDLE_IDENTIFIER = switchcase.afsafasfTests;
				PRODUCT_NAME = "$(TARGET_NAME)";
				SWIFT_VERSION = 4.0;
				TARGETED_DEVICE_FAMILY = "1,2";
				TEST_HOST = "$(BUILT_PRODUCTS_DIR)/afsafasf.app/afsafasf";
			};
			name = Release;
		};
		80F7D98B208CC23E0049EBB1 /* Debug */ = {
			isa = XCBuildConfiguration;
			buildSettings = {
				ALWAYS_EMBED_SWIFT_STANDARD_LIBRARIES = YES;
				CODE_SIGN_STYLE = Automatic;
				DEVELOPMENT_TEAM = QC2B93AG7F;
				INFOPLIST_FILE = afsafasfUITests/Info.plist;
				LD_RUNPATH_SEARCH_PATHS = (
					"$(inherited)",
					"@executable_path/Frameworks",
					"@loader_path/Frameworks",
				);
				PRODUCT_BUNDLE_IDENTIFIER = switchcase.afsafasfUITests;
				PRODUCT_NAME = "$(TARGET_NAME)";
				SWIFT_VERSION = 4.0;
				TARGETED_DEVICE_FAMILY = "1,2";
				TEST_TARGET_NAME = afsafasf;
			};
			name = Debug;
		};
		80F7D98C208CC23E0049EBB1 /* Release */ = {
			isa = XCBuildConfiguration;
			buildSettings = {
				ALWAYS_EMBED_SWIFT_STANDARD_LIBRARIES = YES;
				CODE_SIGN_STYLE = Automatic;
				DEVELOPMENT_TEAM = QC2B93AG7F;
				INFOPLIST_FILE = afsafasfUITests/Info.plist;
				LD_RUNPATH_SEARCH_PATHS = (
					"$(inherited)",
					"@executable_path/Frameworks",
					"@loader_path/Frameworks",
				);
				PRODUCT_BUNDLE_IDENTIFIER = switchcase.afsafasfUITests;
				PRODUCT_NAME = "$(TARGET_NAME)";
				SWIFT_VERSION = 4.0;
				TARGETED_DEVICE_FAMILY = "1,2";
				TEST_TARGET_NAME = afsafasf;
			};
			name = Release;
		};
/* End XCBuildConfiguration section */

/* Begin XCConfigurationList section */
		80F7D957208CC2310049EBB1 /* Build configuration list for PBXProject "afsafasf" */ = {
			isa = XCConfigurationList;
			buildConfigurations = (
				80F7D982208CC23E0049EBB1 /* Debug */,
				80F7D983208CC23E0049EBB1 /* Release */,
			);
			defaultConfigurationIsVisible = 0;
			defaultConfigurationName = Release;
		};
		80F7D984208CC23E0049EBB1 /* Build configuration list for PBXNativeTarget "afsafasf" */ = {
			isa = XCConfigurationList;
			buildConfigurations = (
				80F7D985208CC23E0049EBB1 /* Debug */,
				80F7D986208CC23E0049EBB1 /* Release */,
			);
			defaultConfigurationIsVisible = 0;
			defaultConfigurationName = Release;
		};
		80F7D987208CC23E0049EBB1 /* Build configuration list for PBXNativeTarget "afsafasfTests" */ = {
			isa = XCConfigurationList;
			buildConfigurations = (
				80F7D988208CC23E0049EBB1 /* Debug */,
				80F7D989208CC23E0049EBB1 /* Release */,
			);
			defaultConfigurationIsVisible = 0;
			defaultConfigurationName = Release;
		};
		80F7D98A208CC23E0049EBB1 /* Build configuration list for PBXNativeTarget "afsafasfUITests" */ = {
			isa = XCConfigurationList;
			buildConfigurations = (
				80F7D98B208CC23E0049EBB1 /* Debug */,
				80F7D98C208CC23E0049EBB1 /* Release */,
			);
			defaultConfigurationIsVisible = 0;
			defaultConfigurationName = Release;
		};
/* End XCConfigurationList section */
	};
	rootObject = 80F7D954208CC2310049EBB1 /* Project object */;
}
